
Microsoft Visual Studio Solution File, Format Version 12.00
# Visual Studio 15
VisualStudioVersion = 15.0.27130.2036
MinimumVisualStudioVersion = 10.0.40219.1
Project("{E24C65DC-7377-472B-9ABA-BC803B73C61A}") = "PrintLabelSystem.v1dev", "PrintLabelSystem.v1dev", "{634CEB03-4035-4EBD-853F-E61CD356F4B1}"
	ProjectSection(WebsiteProperties) = preProject
		SccProjectName = "SAK"
		SccAuxPath = "SAK"
		SccLocalPath = "SAK"
		SccProvider = "SAK"
		TargetFrameworkMoniker = ".NETFramework,Version%3Dv4.0"
		Debug.AspNetCompiler.VirtualPath = "/localhost_51592"
		Debug.AspNetCompiler.PhysicalPath = "PrintLabelSystem.v1dev\"
		Debug.AspNetCompiler.TargetPath = "PrecompiledWeb\localhost_51592\"
		Debug.AspNetCompiler.Updateable = "true"
		Debug.AspNetCompiler.ForceOverwrite = "true"
		Debug.AspNetCompiler.FixedNames = "false"
		Debug.AspNetCompiler.Debug = "True"
		Release.AspNetCompiler.VirtualPath = "/localhost_51592"
		Release.AspNetCompiler.PhysicalPath = "PrintLabelSystem.v1dev\"
		Release.AspNetCompiler.TargetPath = "PrecompiledWeb\localhost_51592\"
		Release.AspNetCompiler.Updateable = "true"
		Release.AspNetCompiler.ForceOverwrite = "true"
		Release.AspNetCompiler.FixedNames = "false"
		Release.AspNetCompiler.Debug = "False"
		VWDPort = "51592"
		SlnRelativePath = "PrintLabelSystem.v1dev\"
	EndProjectSection
EndProject
Global
	GlobalSection(SolutionConfigurationPlatforms) = preSolution
		Debug|Any CPU = Debug|Any CPU
	EndGlobalSection
	GlobalSection(ProjectConfigurationPlatforms) = postSolution
		{634CEB03-4035-4EBD-853F-E61CD356F4B1}.Debug|Any CPU.ActiveCfg = Debug|Any CPU
		{634CEB03-4035-4EBD-853F-E61CD356F4B1}.Debug|Any CPU.Build.0 = Debug|Any CPU
	EndGlobalSection
	GlobalSection(SolutionProperties) = preSolution
		HideSolutionNode = FALSE
	EndGlobalSection
	GlobalSection(ExtensibilityGlobals) = postSolution
		SolutionGuid = {8E55D410-48C7-414F-94C0-0FA2719C96B8}
	EndGlobalSection
	GlobalSection(TeamFoundationVersionControl) = preSolution
		SccNumberOfProjects = 2
		SccEnterpriseProvider = {4CA58AB2-18FA-4F8D-95D4-32DDF27D184C}
		SccTeamFoundationServer = https://boxxtech.visualstudio.com/
		SccLocalPath0 = .
		SccWebProject1 = true
		SccProjectUniqueName1 = PrintLabelSystem.v1dev
		SccProjectName1 = PrintLabelSystem.v1dev
		SccLocalPath1 = PrintLabelSystem.v1dev
		SccProjectEnlistmentChoice1 = 2
	EndGlobalSection
EndGlobal
